{
  "version": 4,
  "terraform_version": "1.13.1",
  "serial": 40,
  "lineage": "04613cd5-a01d-f18d-2bab-6a685d1f42d9",
  "outputs": {
    "external_ip": {
      "value": "158.160.112.89",
      "type": "string"
    }
  },
  "resources": [
    {
      "mode": "data",
      "type": "yandex_vpc_network",
      "name": "default",
      "provider": "provider[\"registry.terraform.io/yandex-cloud/yandex\"]",
      "instances": [
        {
          "schema_version": 0,
          "attributes": {
            "created_at": "2024-02-06T22:06:20Z",
            "default_security_group_id": "enpb916q9o2lumiu66ei",
            "description": "Auto-created network",
            "folder_id": "b1ghuulab94793d4h4eq",
            "id": "enp1uf2uncma363scgda",
            "labels": {},
            "name": "default",
            "network_id": "enp1uf2uncma363scgda",
            "subnet_ids": [
              "b0cpqltj6d3jdr5t8s9d",
              "e2ljat62aa5pilbmo5sb",
              "e9bieunfbfdi9o7qdl8m",
              "fl85rk3psbkc9kfe6m0e"
            ]
          },
          "sensitive_attributes": [],
          "identity_schema_version": 0
        }
      ]
    },
    {
      "mode": "data",
      "type": "yandex_vpc_subnet",
      "name": "default-ru-central1-a",
      "provider": "provider[\"registry.terraform.io/yandex-cloud/yandex\"]",
      "instances": [
        {
          "schema_version": 0,
          "attributes": {
            "created_at": "2024-02-06T22:06:22Z",
            "description": "Auto-created default subnet for zone ru-central1-a in default",
            "dhcp_options": [],
            "folder_id": "b1ghuulab94793d4h4eq",
            "id": "e9bieunfbfdi9o7qdl8m",
            "labels": {},
            "name": "default-ru-central1-a",
            "network_id": "enp1uf2uncma363scgda",
            "route_table_id": "",
            "subnet_id": "e9bieunfbfdi9o7qdl8m",
            "v4_cidr_blocks": [
              "10.128.0.0/24"
            ],
            "v6_cidr_blocks": [],
            "zone": "ru-central1-a"
          },
          "sensitive_attributes": [],
          "identity_schema_version": 0
        }
      ]
    },
    {
      "mode": "managed",
      "type": "yandex_compute_instance",
      "name": "library-vm",
      "provider": "provider[\"registry.terraform.io/yandex-cloud/yandex\"]",
      "instances": [
        {
          "schema_version": 1,
          "attributes": {
            "allow_recreate": null,
            "allow_stopping_for_update": null,
            "boot_disk": [
              {
                "auto_delete": true,
                "device_name": "fhm6ghm73fs7dug2soh1",
                "disk_id": "fhm6ghm73fs7dug2soh1",
                "initialize_params": [
                  {
                    "block_size": 4096,
                    "description": "",
                    "image_id": "fd8kdq6d0p8sij7h5qe3",
                    "kms_key_id": "",
                    "name": "",
                    "size": 20,
                    "snapshot_id": "",
                    "type": "network-hdd"
                  }
                ],
                "mode": "READ_WRITE"
              }
            ],
            "created_at": "2025-09-05T11:40:49Z",
            "description": "",
            "filesystem": [],
            "folder_id": "b1ghuulab94793d4h4eq",
            "fqdn": "fhmfneub11o1bu5b9ivk.auto.internal",
            "gpu_cluster_id": "",
            "hardware_generation": [
              {
                "generation2_features": [],
                "legacy_features": [
                  {
                    "pci_topology": "PCI_TOPOLOGY_V1"
                  }
                ]
              }
            ],
            "hostname": "",
            "id": "fhmfneub11o1bu5b9ivk",
            "labels": null,
            "local_disk": [],
            "maintenance_grace_period": "",
            "maintenance_policy": null,
            "metadata": {
              "user-data": "#cloud-config\nusers:\n  - name: ubuntu\n    groups: sudo\n    shell: /bin/bash\n    sudo: ['ALL=(ALL) NOPASSWD:ALL']\n    ssh-authorized-keys:\n      - ssh-rsa AAAAB3NzaC1yc2EAAAADAQABAAACAQDPUSoPjhpuw4GwuW117hn7MPOo8KL6C2JGDDysPfXOKah+5ZPDOixXAyw35nQjGGcWbb8vb9MiotCUWOnqBqzT60rE/bTUuJ37ZfoIO8V4I3Xl0pkPIucKHeQmiX+teC/SyU2vmeym1rWaAQct934uQepqWwQRVUfxrycVj3Mb2+hy4HjdEI+rZXrp04IRS1EBelzPPBl6BCNNok+3BvgcKW8ICt0fG74hv6YxXNCX55lxvflftTMj6hdLojFScBkbYaxtSwVZYHUCdgDDeBnR+bE8rZyS9dGfgrYop4vYW9aVksL2LjJbJLjRiPcsJTYM2dOnjtCdjOXyog/9amcNf3+dEDZ2PJLyfEKOLIBwYxBp7V539KdMuY+I1AdiF2rJEvorLq7JzLXHBzoOqk9pBYOdQNOtvwW1VG+BG0I3kqJIFFF60pLpTZYKssdwVNenCDHei3XCRzHdwPZjr2pSYZdu0zSZLdLVRh/lMkGUCzvj2vfCXk7viSGhNWItNJ+iYamJspf40ZNG+XdjrAF+yDHuxqiQV1Wj1fRAGPqQkR8pvkciHpCmsXvjhx4NLboxUp66TjScqBiJgtV4EPfvynK3nLImCSCNihtrcjhDH0kjbkZFg5x8CTNmMAxPx6wgFy5fpZCzOHuN3FScVHKUj6Ak1l/p4I6HeY6O+8cs7w== root@vm15332818.example.com\n"
            },
            "metadata_options": [
              {
                "aws_v1_http_endpoint": 1,
                "aws_v1_http_token": 2,
                "gce_http_endpoint": 1,
                "gce_http_token": 1
              }
            ],
            "name": "library-vm-terraform",
            "network_acceleration_type": "standard",
            "network_interface": [
              {
                "dns_record": [],
                "index": 0,
                "ip_address": "10.128.0.10",
                "ipv4": true,
                "ipv6": false,
                "ipv6_address": "",
                "ipv6_dns_record": [],
                "mac_address": "d0:0d:fb:bb:cb:08",
                "nat": true,
                "nat_dns_record": [],
                "nat_ip_address": "158.160.112.89",
                "nat_ip_version": "IPV4",
                "security_group_ids": null,
                "subnet_id": "e9bieunfbfdi9o7qdl8m"
              }
            ],
            "placement_policy": [
              {
                "host_affinity_rules": [],
                "placement_group_id": "",
                "placement_group_partition": 0
              }
            ],
            "platform_id": "standard-v2",
            "resources": [
              {
                "core_fraction": 100,
                "cores": 2,
                "gpus": 0,
                "memory": 2
              }
            ],
            "scheduling_policy": [
              {
                "preemptible": false
              }
            ],
            "secondary_disk": [],
            "service_account_id": "",
            "status": "running",
            "timeouts": null,
            "zone": "ru-central1-a"
          },
          "sensitive_attributes": [],
          "identity_schema_version": 0,
          "private": "eyJlMmJmYjczMC1lY2FhLTExZTYtOGY4OC0zNDM2M2JjN2M0YzAiOnsiY3JlYXRlIjozMDAwMDAwMDAwMDAsImRlbGV0ZSI6MzAwMDAwMDAwMDAwLCJ1cGRhdGUiOjMwMDAwMDAwMDAwMH0sInNjaGVtYV92ZXJzaW9uIjoiMSJ9",
          "dependencies": [
            "data.yandex_vpc_subnet.default-ru-central1-a"
          ]
        }
      ]
    }
  ],
  "check_results": null
}
